
Microsoft Visual Studio Solution File, Format Version 12.00
# Visual Studio 15
Project("{FAE04EC0-301F-11D3-BF4B-00C04F79EFBC}") = "Assembly-CSharp", "Assembly-CSharp.csproj", "{CEC4A617-88C9-835C-7445-379A0D3C71BE}"
EndProject
Project("{FAE04EC0-301F-11D3-BF4B-00C04F79EFBC}") = "Assembly-CSharp-Editor", "Assembly-CSharp-Editor.csproj", "{2D034833-1A28-9156-6740-CE7AEB381793}"
EndProject
Global
	GlobalSection(SolutionConfigurationPlatforms) = preSolution
		Debug|Any CPU = Debug|Any CPU
		Release|Any CPU = Release|Any CPU
	EndGlobalSection
	GlobalSection(ProjectConfigurationPlatforms) = postSolution
		{CEC4A617-88C9-835C-7445-379A0D3C71BE}.Debug|Any CPU.ActiveCfg = Debug|Any CPU
		{CEC4A617-88C9-835C-7445-379A0D3C71BE}.Debug|Any CPU.Build.0 = Debug|Any CPU
		{CEC4A617-88C9-835C-7445-379A0D3C71BE}.Release|Any CPU.ActiveCfg = Release|Any CPU
		{CEC4A617-88C9-835C-7445-379A0D3C71BE}.Release|Any CPU.Build.0 = Release|Any CPU
		{2D034833-1A28-9156-6740-CE7AEB381793}.Debug|Any CPU.ActiveCfg = Debug|Any CPU
		{2D034833-1A28-9156-6740-CE7AEB381793}.Debug|Any CPU.Build.0 = Debug|Any CPU
		{2D034833-1A28-9156-6740-CE7AEB381793}.Release|Any CPU.ActiveCfg = Release|Any CPU
		{2D034833-1A28-9156-6740-CE7AEB381793}.Release|Any CPU.Build.0 = Release|Any CPU
	EndGlobalSection
	GlobalSection(SolutionProperties) = preSolution
		HideSolutionNode = FALSE
	EndGlobalSection
EndGlobal
